
Microsoft Visual Studio Solution File, Format Version 12.00
# Visual Studio Version 16
VisualStudioVersion = 16.0.30406.217
MinimumVisualStudioVersion = 10.0.40219.1
Project("{9A19103F-16F7-4668-BE54-9A1E7A4F7556}") = "Unidesk", "Unidesk.csproj", "{796C3E2F-3155-4A02-B9A0-E585DD104CAA}"
EndProject
Project("{9A19103F-16F7-4668-BE54-9A1E7A4F7556}") = "Domain", "..\Domain\Domain.csproj", "{7C426718-0F4F-4667-8EC8-C0088891AC11}"
EndProject
Project("{9A19103F-16F7-4668-BE54-9A1E7A4F7556}") = "Application", "..\Application\Application.csproj", "{CE270AD9-9815-43ED-BEC3-B9A7F4F60007}"
EndProject
Project("{9A19103F-16F7-4668-BE54-9A1E7A4F7556}") = "Infra", "..\Infra\Infra.csproj", "{70F920F8-5E20-4033-930C-E2BDFCCE07EB}"
EndProject
Project("{9A19103F-16F7-4668-BE54-9A1E7A4F7556}") = "Infra.Repository", "..\Repository\Infra.Repository.csproj", "{3F80A089-CF0F-4537-8C20-A6A756522FC3}"
EndProject
Global
	GlobalSection(SolutionConfigurationPlatforms) = preSolution
		Debug|Any CPU = Debug|Any CPU
		Release|Any CPU = Release|Any CPU
	EndGlobalSection
	GlobalSection(ProjectConfigurationPlatforms) = postSolution
		{796C3E2F-3155-4A02-B9A0-E585DD104CAA}.Debug|Any CPU.ActiveCfg = Debug|Any CPU
		{796C3E2F-3155-4A02-B9A0-E585DD104CAA}.Debug|Any CPU.Build.0 = Debug|Any CPU
		{796C3E2F-3155-4A02-B9A0-E585DD104CAA}.Release|Any CPU.ActiveCfg = Release|Any CPU
		{796C3E2F-3155-4A02-B9A0-E585DD104CAA}.Release|Any CPU.Build.0 = Release|Any CPU
		{7C426718-0F4F-4667-8EC8-C0088891AC11}.Debug|Any CPU.ActiveCfg = Debug|Any CPU
		{7C426718-0F4F-4667-8EC8-C0088891AC11}.Debug|Any CPU.Build.0 = Debug|Any CPU
		{7C426718-0F4F-4667-8EC8-C0088891AC11}.Release|Any CPU.ActiveCfg = Release|Any CPU
		{7C426718-0F4F-4667-8EC8-C0088891AC11}.Release|Any CPU.Build.0 = Release|Any CPU
		{CE270AD9-9815-43ED-BEC3-B9A7F4F60007}.Debug|Any CPU.ActiveCfg = Debug|Any CPU
		{CE270AD9-9815-43ED-BEC3-B9A7F4F60007}.Debug|Any CPU.Build.0 = Debug|Any CPU
		{CE270AD9-9815-43ED-BEC3-B9A7F4F60007}.Release|Any CPU.ActiveCfg = Release|Any CPU
		{CE270AD9-9815-43ED-BEC3-B9A7F4F60007}.Release|Any CPU.Build.0 = Release|Any CPU
		{70F920F8-5E20-4033-930C-E2BDFCCE07EB}.Debug|Any CPU.ActiveCfg = Debug|Any CPU
		{70F920F8-5E20-4033-930C-E2BDFCCE07EB}.Debug|Any CPU.Build.0 = Debug|Any CPU
		{70F920F8-5E20-4033-930C-E2BDFCCE07EB}.Release|Any CPU.ActiveCfg = Release|Any CPU
		{70F920F8-5E20-4033-930C-E2BDFCCE07EB}.Release|Any CPU.Build.0 = Release|Any CPU
		{3F80A089-CF0F-4537-8C20-A6A756522FC3}.Debug|Any CPU.ActiveCfg = Debug|Any CPU
		{3F80A089-CF0F-4537-8C20-A6A756522FC3}.Debug|Any CPU.Build.0 = Debug|Any CPU
		{3F80A089-CF0F-4537-8C20-A6A756522FC3}.Release|Any CPU.ActiveCfg = Release|Any CPU
		{3F80A089-CF0F-4537-8C20-A6A756522FC3}.Release|Any CPU.Build.0 = Release|Any CPU
	EndGlobalSection
	GlobalSection(SolutionProperties) = preSolution
		HideSolutionNode = FALSE
	EndGlobalSection
	GlobalSection(ExtensibilityGlobals) = postSolution
		SolutionGuid = {0DFA683B-BF9E-447C-853B-411229B615E5}
	EndGlobalSection
EndGlobal
